
Microsoft Visual Studio Solution File, Format Version 12.00
# Visual Studio Version 16
VisualStudioVersion = 16.0.809.2
MinimumVisualStudioVersion = 10.0.40219.1
Project("{FAE04EC0-301F-11D3-BF4B-00C04F79EFBC}") = "CompanyEmployees", "CompanyEmployees\CompanyEmployees.csproj", "{98CF8985-918C-4270-942F-69D3C29C99FF}"
EndProject
Global
	GlobalSection(SolutionConfigurationPlatforms) = preSolution
		Debug|Any CPU = Debug|Any CPU
		Release|Any CPU = Release|Any CPU
	EndGlobalSection
	GlobalSection(ProjectConfigurationPlatforms) = postSolution
		{98CF8985-918C-4270-942F-69D3C29C99FF}.Debug|Any CPU.ActiveCfg = Debug|Any CPU
		{98CF8985-918C-4270-942F-69D3C29C99FF}.Debug|Any CPU.Build.0 = Debug|Any CPU
		{98CF8985-918C-4270-942F-69D3C29C99FF}.Release|Any CPU.ActiveCfg = Release|Any CPU
		{98CF8985-918C-4270-942F-69D3C29C99FF}.Release|Any CPU.Build.0 = Release|Any CPU
	EndGlobalSection
	GlobalSection(SolutionProperties) = preSolution
		HideSolutionNode = FALSE
	EndGlobalSection
	GlobalSection(ExtensibilityGlobals) = postSolution
		SolutionGuid = {34928FDF-2CEE-4EE0-9CEB-F58424B6DEBE}
	EndGlobalSection
EndGlobal
